
Microsoft Visual Studio Solution File, Format Version 12.00
# Visual Studio Version 17
VisualStudioVersion = 17.0.32112.339
MinimumVisualStudioVersion = 10.0.40219.1
Project("{9A19103F-16F7-4668-BE54-9A1E7A4F7556}") = "VLCNotAlone", "VLCNotAlone\VLCNotAlone.csproj", "{0BF6CE3E-15D9-405B-A8DC-31997D9EE372}"
	ProjectSection(ProjectDependencies) = postProject
		{CFCEDC0D-FFD3-497F-B936-1737E17A1CED} = {CFCEDC0D-FFD3-497F-B936-1737E17A1CED}
	EndProjectSection
EndProject
Project("{9A19103F-16F7-4668-BE54-9A1E7A4F7556}") = "VLCNotAloneShared", "VLCNotAloneShared\VLCNotAloneShared.csproj", "{6021F848-E2EE-434C-B92D-93FA2131DD4B}"
EndProject
Project("{2150E333-8FDC-42A3-9474-1A3956D46DE8}") = "Solution Items", "Solution Items", "{86A25ADB-11F5-426A-B7CB-B93E86FC54D8}"
	ProjectSection(SolutionItems) = preProject
		.editorconfig = .editorconfig
	EndProjectSection
EndProject
Project("{9A19103F-16F7-4668-BE54-9A1E7A4F7556}") = "VLCNotAloneServer", "VLCNotAloneServer\VLCNotAloneServer.csproj", "{CFCEDC0D-FFD3-497F-B936-1737E17A1CED}"
EndProject
Project("{FAE04EC0-301F-11D3-BF4B-00C04F79EFBC}") = "VLCNotAloneAndroid", "VLCNotAloneAndroid\VLCNotAloneAndroid.csproj", "{CD04C579-DED5-48F5-BC7B-494BCF0270E7}"
EndProject
Project("{FAE04EC0-301F-11D3-BF4B-00C04F79EFBC}") = "DiscordRPCPlugin", "DiscordRPCPlugin\DiscordRPCPlugin.csproj", "{600AC23D-25E0-4E7F-8A67-57948A2B8DD7}"
EndProject
Project("{FAE04EC0-301F-11D3-BF4B-00C04F79EFBC}") = "PluginsManager", "PluginsManager\PluginsManager.csproj", "{7482A166-8174-41EC-BFBC-54A114195F44}"
EndProject
Global
	GlobalSection(SolutionConfigurationPlatforms) = preSolution
		Debug|Any CPU = Debug|Any CPU
		Release|Any CPU = Release|Any CPU
	EndGlobalSection
	GlobalSection(ProjectConfigurationPlatforms) = postSolution
		{0BF6CE3E-15D9-405B-A8DC-31997D9EE372}.Debug|Any CPU.ActiveCfg = Debug|Any CPU
		{0BF6CE3E-15D9-405B-A8DC-31997D9EE372}.Debug|Any CPU.Build.0 = Debug|Any CPU
		{0BF6CE3E-15D9-405B-A8DC-31997D9EE372}.Release|Any CPU.ActiveCfg = Release|Any CPU
		{0BF6CE3E-15D9-405B-A8DC-31997D9EE372}.Release|Any CPU.Build.0 = Release|Any CPU
		{6021F848-E2EE-434C-B92D-93FA2131DD4B}.Debug|Any CPU.ActiveCfg = Debug|Any CPU
		{6021F848-E2EE-434C-B92D-93FA2131DD4B}.Debug|Any CPU.Build.0 = Debug|Any CPU
		{6021F848-E2EE-434C-B92D-93FA2131DD4B}.Release|Any CPU.ActiveCfg = Release|Any CPU
		{6021F848-E2EE-434C-B92D-93FA2131DD4B}.Release|Any CPU.Build.0 = Release|Any CPU
		{CFCEDC0D-FFD3-497F-B936-1737E17A1CED}.Debug|Any CPU.ActiveCfg = Debug|Any CPU
		{CFCEDC0D-FFD3-497F-B936-1737E17A1CED}.Debug|Any CPU.Build.0 = Debug|Any CPU
		{CFCEDC0D-FFD3-497F-B936-1737E17A1CED}.Release|Any CPU.ActiveCfg = Release|Any CPU
		{CFCEDC0D-FFD3-497F-B936-1737E17A1CED}.Release|Any CPU.Build.0 = Release|Any CPU
		{CD04C579-DED5-48F5-BC7B-494BCF0270E7}.Debug|Any CPU.ActiveCfg = Debug|Any CPU
		{CD04C579-DED5-48F5-BC7B-494BCF0270E7}.Debug|Any CPU.Build.0 = Debug|Any CPU
		{CD04C579-DED5-48F5-BC7B-494BCF0270E7}.Debug|Any CPU.Deploy.0 = Debug|Any CPU
		{CD04C579-DED5-48F5-BC7B-494BCF0270E7}.Release|Any CPU.ActiveCfg = Release|Any CPU
		{CD04C579-DED5-48F5-BC7B-494BCF0270E7}.Release|Any CPU.Build.0 = Release|Any CPU
		{CD04C579-DED5-48F5-BC7B-494BCF0270E7}.Release|Any CPU.Deploy.0 = Release|Any CPU
		{600AC23D-25E0-4E7F-8A67-57948A2B8DD7}.Debug|Any CPU.ActiveCfg = Debug|Any CPU
		{600AC23D-25E0-4E7F-8A67-57948A2B8DD7}.Debug|Any CPU.Build.0 = Debug|Any CPU
		{600AC23D-25E0-4E7F-8A67-57948A2B8DD7}.Release|Any CPU.ActiveCfg = Release|Any CPU
		{600AC23D-25E0-4E7F-8A67-57948A2B8DD7}.Release|Any CPU.Build.0 = Release|Any CPU
		{7482A166-8174-41EC-BFBC-54A114195F44}.Debug|Any CPU.ActiveCfg = Debug|Any CPU
		{7482A166-8174-41EC-BFBC-54A114195F44}.Debug|Any CPU.Build.0 = Debug|Any CPU
		{7482A166-8174-41EC-BFBC-54A114195F44}.Release|Any CPU.ActiveCfg = Release|Any CPU
		{7482A166-8174-41EC-BFBC-54A114195F44}.Release|Any CPU.Build.0 = Release|Any CPU
	EndGlobalSection
	GlobalSection(SolutionProperties) = preSolution
		HideSolutionNode = FALSE
	EndGlobalSection
	GlobalSection(ExtensibilityGlobals) = postSolution
		SolutionGuid = {4F0EB5CA-A709-4019-9318-D49589301950}
	EndGlobalSection
EndGlobal
